// !$*UTF8*$!
{
	archiveVersion = 1;
	classes = {
	};
	objectVersion = 56;
	objects = {

/* Begin PBXBuildFile section */
		D62E36DA2AC6DF45008F80D8 /* MemorizeGame.swift in Sources */ = {isa = PBXBuildFile; fileRef = D62E36D92AC6DF45008F80D8 /* MemorizeGame.swift */; };
		D62E36DD2AC6E15A008F80D8 /* EmojiMemoryGame.swift in Sources */ = {isa = PBXBuildFile; fileRef = D62E36DC2AC6E15A008F80D8 /* EmojiMemoryGame.swift */; };
		D670A0072AA8AE3B006B0AE5 /* MemorizeApp.swift in Sources */ = {isa = PBXBuildFile; fileRef = D670A0062AA8AE3B006B0AE5 /* MemorizeApp.swift */; };
		D670A0092AA8AE3B006B0AE5 /* EmojiMemoryGameView.swift in Sources */ = {isa = PBXBuildFile; fileRef = D670A0082AA8AE3B006B0AE5 /* EmojiMemoryGameView.swift */; };
		D670A00B2AA8AE3E006B0AE5 /* Assets.xcassets in Resources */ = {isa = PBXBuildFile; fileRef = D670A00A2AA8AE3E006B0AE5 /* Assets.xcassets */; };
		D670A00E2AA8AE3E006B0AE5 /* Preview Assets.xcassets in Resources */ = {isa = PBXBuildFile; fileRef = D670A00D2AA8AE3E006B0AE5 /* Preview Assets.xcassets */; };
		D670A0182AA8AE3E006B0AE5 /* MemorizeTests.swift in Sources */ = {isa = PBXBuildFile; fileRef = D670A0172AA8AE3E006B0AE5 /* MemorizeTests.swift */; };
		D670A0222AA8AE3E006B0AE5 /* MemorizeUITests.swift in Sources */ = {isa = PBXBuildFile; fileRef = D670A0212AA8AE3E006B0AE5 /* MemorizeUITests.swift */; };
		D670A0242AA8AE3E006B0AE5 /* MemorizeUITestsLaunchTests.swift in Sources */ = {isa = PBXBuildFile; fileRef = D670A0232AA8AE3E006B0AE5 /* MemorizeUITestsLaunchTests.swift */; };
/* End PBXBuildFile section */

/* Begin PBXContainerItemProxy section */
		D670A0142AA8AE3E006B0AE5 /* PBXContainerItemProxy */ = {
			isa = PBXContainerItemProxy;
			containerPortal = D6709FFB2AA8AE3B006B0AE5 /* Project object */;
			proxyType = 1;
			remoteGlobalIDString = D670A0022AA8AE3B006B0AE5;
			remoteInfo = Memorize;
		};
		D670A01E2AA8AE3E006B0AE5 /* PBXContainerItemProxy */ = {
			isa = PBXContainerItemProxy;
			containerPortal = D6709FFB2AA8AE3B006B0AE5 /* Project object */;
			proxyType = 1;
			remoteGlobalIDString = D670A0022AA8AE3B006B0AE5;
			remoteInfo = Memorize;
		};
/* End PBXContainerItemProxy section */

/* Begin PBXFileReference section */
		D62E36D92AC6DF45008F80D8 /* MemorizeGame.swift */ = {isa = PBXFileReference; lastKnownFileType = sourcecode.swift; path = MemorizeGame.swift; sourceTree = "<group>"; };
		D62E36DC2AC6E15A008F80D8 /* EmojiMemoryGame.swift */ = {isa = PBXFileReference; lastKnownFileType = sourcecode.swift; path = EmojiMemoryGame.swift; sourceTree = "<group>"; };
		D670A0032AA8AE3B006B0AE5 /* Memorize.app */ = {isa = PBXFileReference; explicitFileType = wrapper.application; includeInIndex = 0; path = Memorize.app; sourceTree = BUILT_PRODUCTS_DIR; };
		D670A0062AA8AE3B006B0AE5 /* MemorizeApp.swift */ = {isa = PBXFileReference; lastKnownFileType = sourcecode.swift; path = MemorizeApp.swift; sourceTree = "<group>"; };
		D670A0082AA8AE3B006B0AE5 /* EmojiMemoryGameView.swift */ = {isa = PBXFileReference; lastKnownFileType = sourcecode.swift; path = EmojiMemoryGameView.swift; sourceTree = "<group>"; };
		D670A00A2AA8AE3E006B0AE5 /* Assets.xcassets */ = {isa = PBXFileReference; lastKnownFileType = folder.assetcatalog; path = Assets.xcassets; sourceTree = "<group>"; };
		D670A00D2AA8AE3E006B0AE5 /* Preview Assets.xcassets */ = {isa = PBXFileReference; lastKnownFileType = folder.assetcatalog; path = "Preview Assets.xcassets"; sourceTree = "<group>"; };
		D670A0132AA8AE3E006B0AE5 /* MemorizeTests.xctest */ = {isa = PBXFileReference; explicitFileType = wrapper.cfbundle; includeInIndex = 0; path = MemorizeTests.xctest; sourceTree = BUILT_PRODUCTS_DIR; };
		D670A0172AA8AE3E006B0AE5 /* MemorizeTests.swift */ = {isa = PBXFileReference; lastKnownFileType = sourcecode.swift; path = MemorizeTests.swift; sourceTree = "<group>"; };
		D670A01D2AA8AE3E006B0AE5 /* MemorizeUITests.xctest */ = {isa = PBXFileReference; explicitFileType = wrapper.cfbundle; includeInIndex = 0; path = MemorizeUITests.xctest; sourceTree = BUILT_PRODUCTS_DIR; };
		D670A0212AA8AE3E006B0AE5 /* MemorizeUITests.swift */ = {isa = PBXFileReference; lastKnownFileType = sourcecode.swift; path = MemorizeUITests.swift; sourceTree = "<group>"; };
		D670A0232AA8AE3E006B0AE5 /* MemorizeUITestsLaunchTests.swift */ = {isa = PBXFileReference; lastKnownFileType = sourcecode.swift; path = MemorizeUITestsLaunchTests.swift; sourceTree = "<group>"; };
/* End PBXFileReference section */

/* Begin PBXFrameworksBuildPhase section */
		D670A0002AA8AE3B006B0AE5 /* Frameworks */ = {
			isa = PBXFrameworksBuildPhase;
			buildActionMask = 2147483647;
			files = (
			);
			runOnlyForDeploymentPostprocessing = 0;
		};
		D670A0102AA8AE3E006B0AE5 /* Frameworks */ = {
			isa = PBXFrameworksBuildPhase;
			buildActionMask = 2147483647;
			files = (
			);
			runOnlyForDeploymentPostprocessing = 0;
		};
		D670A01A2AA8AE3E006B0AE5 /* Frameworks */ = {
			isa = PBXFrameworksBuildPhase;
			buildActionMask = 2147483647;
			files = (
			);
			runOnlyForDeploymentPostprocessing = 0;
		};
/* End PBXFrameworksBuildPhase section */

/* Begin PBXGroup section */
		D62E36DB2AC6DF59008F80D8 /* Model */ = {
			isa = PBXGroup;
			children = (
				D62E36DC2AC6E15A008F80D8 /* EmojiMemoryGame.swift */,
				D62E36D92AC6DF45008F80D8 /* MemorizeGame.swift */,
			);
			path = Model;
			sourceTree = "<group>";
		};
		D62E36DE2AC6E166008F80D8 /* View */ = {
			isa = PBXGroup;
			children = (
				D670A0082AA8AE3B006B0AE5 /* EmojiMemoryGameView.swift */,
			);
			path = View;
			sourceTree = "<group>";
		};
		D62E36DF2AC6E173008F80D8 /* App */ = {
			isa = PBXGroup;
			children = (
				D670A0062AA8AE3B006B0AE5 /* MemorizeApp.swift */,
			);
			path = App;
			sourceTree = "<group>";
		};
		D6709FFA2AA8AE3B006B0AE5 = {
			isa = PBXGroup;
			children = (
				D670A0052AA8AE3B006B0AE5 /* Memorize */,
				D670A0162AA8AE3E006B0AE5 /* MemorizeTests */,
				D670A0202AA8AE3E006B0AE5 /* MemorizeUITests */,
				D670A0042AA8AE3B006B0AE5 /* Products */,
			);
			sourceTree = "<group>";
		};
		D670A0042AA8AE3B006B0AE5 /* Products */ = {
			isa = PBXGroup;
			children = (
				D670A0032AA8AE3B006B0AE5 /* Memorize.app */,
				D670A0132AA8AE3E006B0AE5 /* MemorizeTests.xctest */,
				D670A01D2AA8AE3E006B0AE5 /* MemorizeUITests.xctest */,
			);
			name = Products;
			sourceTree = "<group>";
		};
		D670A0052AA8AE3B006B0AE5 /* Memorize */ = {
			isa = PBXGroup;
			children = (
				D62E36DF2AC6E173008F80D8 /* App */,
				D62E36DB2AC6DF59008F80D8 /* Model */,
				D62E36DE2AC6E166008F80D8 /* View */,
				D670A00A2AA8AE3E006B0AE5 /* Assets.xcassets */,
				D670A00C2AA8AE3E006B0AE5 /* Preview Content */,
			);
			path = Memorize;
			sourceTree = "<group>";
		};
		D670A00C2AA8AE3E006B0AE5 /* Preview Content */ = {
			isa = PBXGroup;
			children = (
				D670A00D2AA8AE3E006B0AE5 /* Preview Assets.xcassets */,
			);
			path = "Preview Content";
			sourceTree = "<group>";
		};
		D670A0162AA8AE3E006B0AE5 /* MemorizeTests */ = {
			isa = PBXGroup;
			children = (
				D670A0172AA8AE3E006B0AE5 /* MemorizeTests.swift */,
			);
			path = MemorizeTests;
			sourceTree = "<group>";
		};
		D670A0202AA8AE3E006B0AE5 /* MemorizeUITests */ = {
			isa = PBXGroup;
			children = (
				D670A0212AA8AE3E006B0AE5 /* MemorizeUITests.swift */,
				D670A0232AA8AE3E006B0AE5 /* MemorizeUITestsLaunchTests.swift */,
			);
			path = MemorizeUITests;
			sourceTree = "<group>";
		};
/* End PBXGroup section */

/* Begin PBXNativeTarget section */
		D670A0022AA8AE3B006B0AE5 /* Memorize */ = {
			isa = PBXNativeTarget;
			buildConfigurationList = D670A0272AA8AE3E006B0AE5 /* Build configuration list for PBXNativeTarget "Memorize" */;
			buildPhases = (
				D6709FFF2AA8AE3B006B0AE5 /* Sources */,
				D670A0002AA8AE3B006B0AE5 /* Frameworks */,
				D670A0012AA8AE3B006B0AE5 /* Resources */,
			);
			buildRules = (
			);
			dependencies = (
			);
			name = Memorize;
			productName = Memorize;
			productReference = D670A0032AA8AE3B006B0AE5 /* Memorize.app */;
			productType = "com.apple.product-type.application";
		};
		D670A0122AA8AE3E006B0AE5 /* MemorizeTests */ = {
			isa = PBXNativeTarget;
			buildConfigurationList = D670A02A2AA8AE3E006B0AE5 /* Build configuration list for PBXNativeTarget "MemorizeTests" */;
			buildPhases = (
				D670A00F2AA8AE3E006B0AE5 /* Sources */,
				D670A0102AA8AE3E006B0AE5 /* Frameworks */,
				D670A0112AA8AE3E006B0AE5 /* Resources */,
			);
			buildRules = (
			);
			dependencies = (
				D670A0152AA8AE3E006B0AE5 /* PBXTargetDependency */,
			);
			name = MemorizeTests;
			productName = MemorizeTests;
			productReference = D670A0132AA8AE3E006B0AE5 /* MemorizeTests.xctest */;
			productType = "com.apple.product-type.bundle.unit-test";
		};
		D670A01C2AA8AE3E006B0AE5 /* MemorizeUITests */ = {
			isa = PBXNativeTarget;
			buildConfigurationList = D670A02D2AA8AE3E006B0AE5 /* Build configuration list for PBXNativeTarget "MemorizeUITests" */;
			buildPhases = (
				D670A0192AA8AE3E006B0AE5 /* Sources */,
				D670A01A2AA8AE3E006B0AE5 /* Frameworks */,
				D670A01B2AA8AE3E006B0AE5 /* Resources */,
			);
			buildRules = (
			);
			dependencies = (
				D670A01F2AA8AE3E006B0AE5 /* PBXTargetDependency */,
			);
			name = MemorizeUITests;
			productName = MemorizeUITests;
			productReference = D670A01D2AA8AE3E006B0AE5 /* MemorizeUITests.xctest */;
			productType = "com.apple.product-type.bundle.ui-testing";
		};
/* End PBXNativeTarget section */

/* Begin PBXProject section */
		D6709FFB2AA8AE3B006B0AE5 /* Project object */ = {
			isa = PBXProject;
			attributes = {
				BuildIndependentTargetsInParallel = 1;
				LastSwiftUpdateCheck = 1430;
				LastUpgradeCheck = 1430;
				TargetAttributes = {
					D670A0022AA8AE3B006B0AE5 = {
						CreatedOnToolsVersion = 14.3.1;
					};
					D670A0122AA8AE3E006B0AE5 = {
						CreatedOnToolsVersion = 14.3.1;
						TestTargetID = D670A0022AA8AE3B006B0AE5;
					};
					D670A01C2AA8AE3E006B0AE5 = {
						CreatedOnToolsVersion = 14.3.1;
						TestTargetID = D670A0022AA8AE3B006B0AE5;
					};
				};
			};
			buildConfigurationList = D6709FFE2AA8AE3B006B0AE5 /* Build configuration list for PBXProject "Memorize" */;
			compatibilityVersion = "Xcode 14.0";
			developmentRegion = en;
			hasScannedForEncodings = 0;
			knownRegions = (
				en,
				Base,
			);
			mainGroup = D6709FFA2AA8AE3B006B0AE5;
			productRefGroup = D670A0042AA8AE3B006B0AE5 /* Products */;
			projectDirPath = "";
			projectRoot = "";
			targets = (
				D670A0022AA8AE3B006B0AE5 /* Memorize */,
				D670A0122AA8AE3E006B0AE5 /* MemorizeTests */,
				D670A01C2AA8AE3E006B0AE5 /* MemorizeUITests */,
			);
		};
/* End PBXProject section */

/* Begin PBXResourcesBuildPhase section */
		D670A0012AA8AE3B006B0AE5 /* Resources */ = {
			isa = PBXResourcesBuildPhase;
			buildActionMask = 2147483647;
			files = (
				D670A00E2AA8AE3E006B0AE5 /* Preview Assets.xcassets in Resources */,
				D670A00B2AA8AE3E006B0AE5 /* Assets.xcassets in Resources */,
			);
			runOnlyForDeploymentPostprocessing = 0;
		};
		D670A0112AA8AE3E006B0AE5 /* Resources */ = {
			isa = PBXResourcesBuildPhase;
			buildActionMask = 2147483647;
			files = (
			);
			runOnlyForDeploymentPostprocessing = 0;
		};
		D670A01B2AA8AE3E006B0AE5 /* Resources */ = {
			isa = PBXResourcesBuildPhase;
			buildActionMask = 2147483647;
			files = (
			);
			runOnlyForDeploymentPostprocessing = 0;
		};
/* End PBXResourcesBuildPhase section */

/* Begin PBXSourcesBuildPhase section */
		D6709FFF2AA8AE3B006B0AE5 /* Sources */ = {
			isa = PBXSourcesBuildPhase;
			buildActionMask = 2147483647;
			files = (
				D670A0092AA8AE3B006B0AE5 /* EmojiMemoryGameView.swift in Sources */,
				D670A0072AA8AE3B006B0AE5 /* MemorizeApp.swift in Sources */,
				D62E36DA2AC6DF45008F80D8 /* MemorizeGame.swift in Sources */,
				D62E36DD2AC6E15A008F80D8 /* EmojiMemoryGame.swift in Sources */,
			);
			runOnlyForDeploymentPostprocessing = 0;
		};
		D670A00F2AA8AE3E006B0AE5 /* Sources */ = {
			isa = PBXSourcesBuildPhase;
			buildActionMask = 2147483647;
			files = (
				D670A0182AA8AE3E006B0AE5 /* MemorizeTests.swift in Sources */,
			);
			runOnlyForDeploymentPostprocessing = 0;
		};
		D670A0192AA8AE3E006B0AE5 /* Sources */ = {
			isa = PBXSourcesBuildPhase;
			buildActionMask = 2147483647;
			files = (
				D670A0242AA8AE3E006B0AE5 /* MemorizeUITestsLaunchTests.swift in Sources */,
				D670A0222AA8AE3E006B0AE5 /* MemorizeUITests.swift in Sources */,
			);
			runOnlyForDeploymentPostprocessing = 0;
		};
/* End PBXSourcesBuildPhase section */

/* Begin PBXTargetDependency section */
		D670A0152AA8AE3E006B0AE5 /* PBXTargetDependency */ = {
			isa = PBXTargetDependency;
			target = D670A0022AA8AE3B006B0AE5 /* Memorize */;
			targetProxy = D670A0142AA8AE3E006B0AE5 /* PBXContainerItemProxy */;
		};
		D670A01F2AA8AE3E006B0AE5 /* PBXTargetDependency */ = {
			isa = PBXTargetDependency;
			target = D670A0022AA8AE3B006B0AE5 /* Memorize */;
			targetProxy = D670A01E2AA8AE3E006B0AE5 /* PBXContainerItemProxy */;
		};
/* End PBXTargetDependency section */

/* Begin XCBuildConfiguration section */
		D670A0252AA8AE3E006B0AE5 /* Debug */ = {
			isa = XCBuildConfiguration;
			buildSettings = {
				ALWAYS_SEARCH_USER_PATHS = NO;
				CLANG_ANALYZER_NONNULL = YES;
				CLANG_ANALYZER_NUMBER_OBJECT_CONVERSION = YES_AGGRESSIVE;
				CLANG_CXX_LANGUAGE_STANDARD = "gnu++20";
				CLANG_ENABLE_MODULES = YES;
				CLANG_ENABLE_OBJC_ARC = YES;
				CLANG_ENABLE_OBJC_WEAK = YES;
				CLANG_WARN_BLOCK_CAPTURE_AUTORELEASING = YES;
				CLANG_WARN_BOOL_CONVERSION = YES;
				CLANG_WARN_COMMA = YES;
				CLANG_WARN_CONSTANT_CONVERSION = YES;
				CLANG_WARN_DEPRECATED_OBJC_IMPLEMENTATIONS = YES;
				CLANG_WARN_DIRECT_OBJC_ISA_USAGE = YES_ERROR;
				CLANG_WARN_DOCUMENTATION_COMMENTS = YES;
				CLANG_WARN_EMPTY_BODY = YES;
				CLANG_WARN_ENUM_CONVERSION = YES;
				CLANG_WARN_INFINITE_RECURSION = YES;
				CLANG_WARN_INT_CONVERSION = YES;
				CLANG_WARN_NON_LITERAL_NULL_CONVERSION = YES;
				CLANG_WARN_OBJC_IMPLICIT_RETAIN_SELF = YES;
				CLANG_WARN_OBJC_LITERAL_CONVERSION = YES;
				CLANG_WARN_OBJC_ROOT_CLASS = YES_ERROR;
				CLANG_WARN_QUOTED_INCLUDE_IN_FRAMEWORK_HEADER = YES;
				CLANG_WARN_RANGE_LOOP_ANALYSIS = YES;
				CLANG_WARN_STRICT_PROTOTYPES = YES;
				CLANG_WARN_SUSPICIOUS_MOVE = YES;
				CLANG_WARN_UNGUARDED_AVAILABILITY = YES_AGGRESSIVE;
				CLANG_WARN_UNREACHABLE_CODE = YES;
				CLANG_WARN__DUPLICATE_METHOD_MATCH = YES;
				COPY_PHASE_STRIP = NO;
				DEBUG_INFORMATION_FORMAT = dwarf;
				ENABLE_STRICT_OBJC_MSGSEND = YES;
				ENABLE_TESTABILITY = YES;
				GCC_C_LANGUAGE_STANDARD = gnu11;
				GCC_DYNAMIC_NO_PIC = NO;
				GCC_NO_COMMON_BLOCKS = YES;
				GCC_OPTIMIZATION_LEVEL = 0;
				GCC_PREPROCESSOR_DEFINITIONS = (
					"DEBUG=1",
					"$(inherited)",
				);
				GCC_WARN_64_TO_32_BIT_CONVERSION = YES;
				GCC_WARN_ABOUT_RETURN_TYPE = YES_ERROR;
				GCC_WARN_UNDECLARED_SELECTOR = YES;
				GCC_WARN_UNINITIALIZED_AUTOS = YES_AGGRESSIVE;
				GCC_WARN_UNUSED_FUNCTION = YES;
				GCC_WARN_UNUSED_VARIABLE = YES;
				IPHONEOS_DEPLOYMENT_TARGET = 16.4;
				MTL_ENABLE_DEBUG_INFO = INCLUDE_SOURCE;
				MTL_FAST_MATH = YES;
				ONLY_ACTIVE_ARCH = YES;
				SDKROOT = iphoneos;
				SWIFT_ACTIVE_COMPILATION_CONDITIONS = DEBUG;
				SWIFT_OPTIMIZATION_LEVEL = "-Onone";
			};
			name = Debug;
		};
		D670A0262AA8AE3E006B0AE5 /* Release */ = {
			isa = XCBuildConfiguration;
			buildSettings = {
				ALWAYS_SEARCH_USER_PATHS = NO;
				CLANG_ANALYZER_NONNULL = YES;
				CLANG_ANALYZER_NUMBER_OBJECT_CONVERSION = YES_AGGRESSIVE;
				CLANG_CXX_LANGUAGE_STANDARD = "gnu++20";
				CLANG_ENABLE_MODULES = YES;
				CLANG_ENABLE_OBJC_ARC = YES;
				CLANG_ENABLE_OBJC_WEAK = YES;
				CLANG_WARN_BLOCK_CAPTURE_AUTORELEASING = YES;
				CLANG_WARN_BOOL_CONVERSION = YES;
				CLANG_WARN_COMMA = YES;
				CLANG_WARN_CONSTANT_CONVERSION = YES;
				CLANG_WARN_DEPRECATED_OBJC_IMPLEMENTATIONS = YES;
				CLANG_WARN_DIRECT_OBJC_ISA_USAGE = YES_ERROR;
				CLANG_WARN_DOCUMENTATION_COMMENTS = YES;
				CLANG_WARN_EMPTY_BODY = YES;
				CLANG_WARN_ENUM_CONVERSION = YES;
				CLANG_WARN_INFINITE_RECURSION = YES;
				CLANG_WARN_INT_CONVERSION = YES;
				CLANG_WARN_NON_LITERAL_NULL_CONVERSION = YES;
				CLANG_WARN_OBJC_IMPLICIT_RETAIN_SELF = YES;
				CLANG_WARN_OBJC_LITERAL_CONVERSION = YES;
				CLANG_WARN_OBJC_ROOT_CLASS = YES_ERROR;
				CLANG_WARN_QUOTED_INCLUDE_IN_FRAMEWORK_HEADER = YES;
				CLANG_WARN_RANGE_LOOP_ANALYSIS = YES;
				CLANG_WARN_STRICT_PROTOTYPES = YES;
				CLANG_WARN_SUSPICIOUS_MOVE = YES;
				CLANG_WARN_UNGUARDED_AVAILABILITY = YES_AGGRESSIVE;
				CLANG_WARN_UNREACHABLE_CODE = YES;
				CLANG_WARN__DUPLICATE_METHOD_MATCH = YES;
				COPY_PHASE_STRIP = NO;
				DEBUG_INFORMATION_FORMAT = "dwarf-with-dsym";
				ENABLE_NS_ASSERTIONS = NO;
				ENABLE_STRICT_OBJC_MSGSEND = YES;
				GCC_C_LANGUAGE_STANDARD = gnu11;
				GCC_NO_COMMON_BLOCKS = YES;
				GCC_WARN_64_TO_32_BIT_CONVERSION = YES;
				GCC_WARN_ABOUT_RETURN_TYPE = YES_ERROR;
				GCC_WARN_UNDECLARED_SELECTOR = YES;
				GCC_WARN_UNINITIALIZED_AUTOS = YES_AGGRESSIVE;
				GCC_WARN_UNUSED_FUNCTION = YES;
				GCC_WARN_UNUSED_VARIABLE = YES;
				IPHONEOS_DEPLOYMENT_TARGET = 16.4;
				MTL_ENABLE_DEBUG_INFO = NO;
				MTL_FAST_MATH = YES;
				SDKROOT = iphoneos;
				SWIFT_COMPILATION_MODE = wholemodule;
				SWIFT_OPTIMIZATION_LEVEL = "-O";
				VALIDATE_PRODUCT = YES;
			};
			name = Release;
		};
		D670A0282AA8AE3E006B0AE5 /* Debug */ = {
			isa = XCBuildConfiguration;
			buildSettings = {
				ASSETCATALOG_COMPILER_APPICON_NAME = AppIcon;
				ASSETCATALOG_COMPILER_GLOBAL_ACCENT_COLOR_NAME = AccentColor;
				CODE_SIGN_STYLE = Automatic;
				CURRENT_PROJECT_VERSION = 1;
				DEVELOPMENT_ASSET_PATHS = "\"Memorize/Preview Content\"";
				ENABLE_PREVIEWS = YES;
				GENERATE_INFOPLIST_FILE = YES;
				INFOPLIST_KEY_UIApplicationSceneManifest_Generation = YES;
				INFOPLIST_KEY_UIApplicationSupportsIndirectInputEvents = YES;
				INFOPLIST_KEY_UILaunchScreen_Generation = YES;
				INFOPLIST_KEY_UISupportedInterfaceOrientations_iPad = "UIInterfaceOrientationPortrait UIInterfaceOrientationPortraitUpsideDown UIInterfaceOrientationLandscapeLeft UIInterfaceOrientationLandscapeRight";
				INFOPLIST_KEY_UISupportedInterfaceOrientations_iPhone = "UIInterfaceOrientationPortrait UIInterfaceOrientationLandscapeLeft UIInterfaceOrientationLandscapeRight";
				LD_RUNPATH_SEARCH_PATHS = (
					"$(inherited)",
					"@executable_path/Frameworks",
				);
				MARKETING_VERSION = 1.0;
				PRODUCT_BUNDLE_IDENTIFIER = GoncalvesHigino.Memorize;
				PRODUCT_NAME = "$(TARGET_NAME)";
				SWIFT_EMIT_LOC_STRINGS = YES;
				SWIFT_VERSION = 5.0;
				TARGETED_DEVICE_FAMILY = "1,2";
			};
			name = Debug;
		};
		D670A0292AA8AE3E006B0AE5 /* Release */ = {
			isa = XCBuildConfiguration;
			buildSettings = {
				ASSETCATALOG_COMPILER_APPICON_NAME = AppIcon;
				ASSETCATALOG_COMPILER_GLOBAL_ACCENT_COLOR_NAME = AccentColor;
				CODE_SIGN_STYLE = Automatic;
				CURRENT_PROJECT_VERSION = 1;
				DEVELOPMENT_ASSET_PATHS = "\"Memorize/Preview Content\"";
				ENABLE_PREVIEWS = YES;
				GENERATE_INFOPLIST_FILE = YES;
				INFOPLIST_KEY_UIApplicationSceneManifest_Generation = YES;
				INFOPLIST_KEY_UIApplicationSupportsIndirectInputEvents = YES;
				INFOPLIST_KEY_UILaunchScreen_Generation = YES;
				INFOPLIST_KEY_UISupportedInterfaceOrientations_iPad = "UIInterfaceOrientationPortrait UIInterfaceOrientationPortraitUpsideDown UIInterfaceOrientationLandscapeLeft UIInterfaceOrientationLandscapeRight";
				INFOPLIST_KEY_UISupportedInterfaceOrientations_iPhone = "UIInterfaceOrientationPortrait UIInterfaceOrientationLandscapeLeft UIInterfaceOrientationLandscapeRight";
				LD_RUNPATH_SEARCH_PATHS = (
					"$(inherited)",
					"@executable_path/Frameworks",
				);
				MARKETING_VERSION = 1.0;
				PRODUCT_BUNDLE_IDENTIFIER = GoncalvesHigino.Memorize;
				PRODUCT_NAME = "$(TARGET_NAME)";
				SWIFT_EMIT_LOC_STRINGS = YES;
				SWIFT_VERSION = 5.0;
				TARGETED_DEVICE_FAMILY = "1,2";
			};
			name = Release;
		};
		D670A02B2AA8AE3E006B0AE5 /* Debug */ = {
			isa = XCBuildConfiguration;
			buildSettings = {
				ALWAYS_EMBED_SWIFT_STANDARD_LIBRARIES = YES;
				BUNDLE_LOADER = "$(TEST_HOST)";
				CODE_SIGN_STYLE = Automatic;
				CURRENT_PROJECT_VERSION = 1;
				GENERATE_INFOPLIST_FILE = YES;
				IPHONEOS_DEPLOYMENT_TARGET = 16.4;
				MARKETING_VERSION = 1.0;
				PRODUCT_BUNDLE_IDENTIFIER = GoncalvesHigino.MemorizeTests;
				PRODUCT_NAME = "$(TARGET_NAME)";
				SWIFT_EMIT_LOC_STRINGS = NO;
				SWIFT_VERSION = 5.0;
				TARGETED_DEVICE_FAMILY = "1,2";
				TEST_HOST = "$(BUILT_PRODUCTS_DIR)/Memorize.app/$(BUNDLE_EXECUTABLE_FOLDER_PATH)/Memorize";
			};
			name = Debug;
		};
		D670A02C2AA8AE3E006B0AE5 /* Release */ = {
			isa = XCBuildConfiguration;
			buildSettings = {
				ALWAYS_EMBED_SWIFT_STANDARD_LIBRARIES = YES;
				BUNDLE_LOADER = "$(TEST_HOST)";
				CODE_SIGN_STYLE = Automatic;
				CURRENT_PROJECT_VERSION = 1;
				GENERATE_INFOPLIST_FILE = YES;
				IPHONEOS_DEPLOYMENT_TARGET = 16.4;
				MARKETING_VERSION = 1.0;
				PRODUCT_BUNDLE_IDENTIFIER = GoncalvesHigino.MemorizeTests;
				PRODUCT_NAME = "$(TARGET_NAME)";
				SWIFT_EMIT_LOC_STRINGS = NO;
				SWIFT_VERSION = 5.0;
				TARGETED_DEVICE_FAMILY = "1,2";
				TEST_HOST = "$(BUILT_PRODUCTS_DIR)/Memorize.app/$(BUNDLE_EXECUTABLE_FOLDER_PATH)/Memorize";
			};
			name = Release;
		};
		D670A02E2AA8AE3E006B0AE5 /* Debug */ = {
			isa = XCBuildConfiguration;
			buildSettings = {
				ALWAYS_EMBED_SWIFT_STANDARD_LIBRARIES = YES;
				CODE_SIGN_STYLE = Automatic;
				CURRENT_PROJECT_VERSION = 1;
				GENERATE_INFOPLIST_FILE = YES;
				MARKETING_VERSION = 1.0;
				PRODUCT_BUNDLE_IDENTIFIER = GoncalvesHigino.MemorizeUITests;
				PRODUCT_NAME = "$(TARGET_NAME)";
				SWIFT_EMIT_LOC_STRINGS = NO;
				SWIFT_VERSION = 5.0;
				TARGETED_DEVICE_FAMILY = "1,2";
				TEST_TARGET_NAME = Memorize;
			};
			name = Debug;
		};
		D670A02F2AA8AE3E006B0AE5 /* Release */ = {
			isa = XCBuildConfiguration;
			buildSettings = {
				ALWAYS_EMBED_SWIFT_STANDARD_LIBRARIES = YES;
				CODE_SIGN_STYLE = Automatic;
				CURRENT_PROJECT_VERSION = 1;
				GENERATE_INFOPLIST_FILE = YES;
				MARKETING_VERSION = 1.0;
				PRODUCT_BUNDLE_IDENTIFIER = GoncalvesHigino.MemorizeUITests;
				PRODUCT_NAME = "$(TARGET_NAME)";
				SWIFT_EMIT_LOC_STRINGS = NO;
				SWIFT_VERSION = 5.0;
				TARGETED_DEVICE_FAMILY = "1,2";
				TEST_TARGET_NAME = Memorize;
			};
			name = Release;
		};
/* End XCBuildConfiguration section */

/* Begin XCConfigurationList section */
		D6709FFE2AA8AE3B006B0AE5 /* Build configuration list for PBXProject "Memorize" */ = {
			isa = XCConfigurationList;
			buildConfigurations = (
				D670A0252AA8AE3E006B0AE5 /* Debug */,
				D670A0262AA8AE3E006B0AE5 /* Release */,
			);
			defaultConfigurationIsVisible = 0;
			defaultConfigurationName = Release;
		};
		D670A0272AA8AE3E006B0AE5 /* Build configuration list for PBXNativeTarget "Memorize" */ = {
			isa = XCConfigurationList;
			buildConfigurations = (
				D670A0282AA8AE3E006B0AE5 /* Debug */,
				D670A0292AA8AE3E006B0AE5 /* Release */,
			);
			defaultConfigurationIsVisible = 0;
			defaultConfigurationName = Release;
		};
		D670A02A2AA8AE3E006B0AE5 /* Build configuration list for PBXNativeTarget "MemorizeTests" */ = {
			isa = XCConfigurationList;
			buildConfigurations = (
				D670A02B2AA8AE3E006B0AE5 /* Debug */,
				D670A02C2AA8AE3E006B0AE5 /* Release */,
			);
			defaultConfigurationIsVisible = 0;
			defaultConfigurationName = Release;
		};
		D670A02D2AA8AE3E006B0AE5 /* Build configuration list for PBXNativeTarget "MemorizeUITests" */ = {
			isa = XCConfigurationList;
			buildConfigurations = (
				D670A02E2AA8AE3E006B0AE5 /* Debug */,
				D670A02F2AA8AE3E006B0AE5 /* Release */,
			);
			defaultConfigurationIsVisible = 0;
			defaultConfigurationName = Release;
		};
/* End XCConfigurationList section */
	};
	rootObject = D6709FFB2AA8AE3B006B0AE5 /* Project object */;
}
